
Microsoft Visual Studio Solution File, Format Version 12.00
# Visual Studio Version 17
VisualStudioVersion = 17.11.35312.102
MinimumVisualStudioVersion = 10.0.40219.1
Project("{FAE04EC0-301F-11D3-BF4B-00C04F79EFBC}") = "StudentID", "StudentID.csproj", "{584EA06A-F337-4373-8479-DC58901E64BB}"
EndProject
Global
	GlobalSection(SolutionConfigurationPlatforms) = preSolution
		Debug|Any CPU = Debug|Any CPU
		Debug|x64 = Debug|x64
		Release|Any CPU = Release|Any CPU
		Release|x64 = Release|x64
	EndGlobalSection
	GlobalSection(ProjectConfigurationPlatforms) = postSolution
		{584EA06A-F337-4373-8479-DC58901E64BB}.Debug|Any CPU.ActiveCfg = Debug|Any CPU
		{584EA06A-F337-4373-8479-DC58901E64BB}.Debug|Any CPU.Build.0 = Debug|Any CPU
		{584EA06A-F337-4373-8479-DC58901E64BB}.Debug|x64.ActiveCfg = Debug|x64
		{584EA06A-F337-4373-8479-DC58901E64BB}.Debug|x64.Build.0 = Debug|x64
		{584EA06A-F337-4373-8479-DC58901E64BB}.Release|Any CPU.ActiveCfg = Release|Any CPU
		{584EA06A-F337-4373-8479-DC58901E64BB}.Release|Any CPU.Build.0 = Release|Any CPU
		{584EA06A-F337-4373-8479-DC58901E64BB}.Release|x64.ActiveCfg = Release|x64
		{584EA06A-F337-4373-8479-DC58901E64BB}.Release|x64.Build.0 = Release|x64
	EndGlobalSection
	GlobalSection(SolutionProperties) = preSolution
		HideSolutionNode = FALSE
	EndGlobalSection
	GlobalSection(ExtensibilityGlobals) = postSolution
		SolutionGuid = {87D3DC25-A405-4B57-A1C9-480B96F87D56}
	EndGlobalSection
EndGlobal
